// !$*UTF8*$!
{
	archiveVersion = 1;
	classes = {
	};
	objectVersion = 56;
	objects = {

/* Begin PBXBuildFile section */
		3A7320382A943E88007C7B45 /* AppDelegate.swift in Sources */ = {isa = PBXBuildFile; fileRef = 3A7320372A943E88007C7B45 /* AppDelegate.swift */; };
		3A73203A2A943E88007C7B45 /* SceneDelegate.swift in Sources */ = {isa = PBXBuildFile; fileRef = 3A7320392A943E88007C7B45 /* SceneDelegate.swift */; };
		3A73203F2A943E88007C7B45 /* Main.storyboard in Resources */ = {isa = PBXBuildFile; fileRef = 3A73203D2A943E88007C7B45 /* Main.storyboard */; };
		3A7320412A943E89007C7B45 /* Assets.xcassets in Resources */ = {isa = PBXBuildFile; fileRef = 3A7320402A943E89007C7B45 /* Assets.xcassets */; };
		3A7320442A943E89007C7B45 /* LaunchScreen.storyboard in Resources */ = {isa = PBXBuildFile; fileRef = 3A7320422A943E89007C7B45 /* LaunchScreen.storyboard */; };
		3A73204E2A9442B4007C7B45 /* Album.swift in Sources */ = {isa = PBXBuildFile; fileRef = 3A73204D2A9442B4007C7B45 /* Album.swift */; };
		3A7320502A9452E0007C7B45 /* AlbumDetail.swift in Sources */ = {isa = PBXBuildFile; fileRef = 3A73204F2A9452E0007C7B45 /* AlbumDetail.swift */; };
		3A7320532A9518A9007C7B45 /* NetworkingError.swift in Sources */ = {isa = PBXBuildFile; fileRef = 3A7320522A9518A9007C7B45 /* NetworkingError.swift */; };
		3A7320562A95193E007C7B45 /* AlbumService.swift in Sources */ = {isa = PBXBuildFile; fileRef = 3A7320552A95193E007C7B45 /* AlbumService.swift */; };
		3A7320592A952E34007C7B45 /* AlbumDetailsService.swift in Sources */ = {isa = PBXBuildFile; fileRef = 3A7320582A952E34007C7B45 /* AlbumDetailsService.swift */; };
/* End PBXBuildFile section */

/* Begin PBXFileReference section */
		3A7320342A943E88007C7B45 /* iTunes.app */ = {isa = PBXFileReference; explicitFileType = wrapper.application; includeInIndex = 0; path = iTunes.app; sourceTree = BUILT_PRODUCTS_DIR; };
		3A7320372A943E88007C7B45 /* AppDelegate.swift */ = {isa = PBXFileReference; lastKnownFileType = sourcecode.swift; path = AppDelegate.swift; sourceTree = "<group>"; };
		3A7320392A943E88007C7B45 /* SceneDelegate.swift */ = {isa = PBXFileReference; lastKnownFileType = sourcecode.swift; path = SceneDelegate.swift; sourceTree = "<group>"; };
		3A73203E2A943E88007C7B45 /* Base */ = {isa = PBXFileReference; lastKnownFileType = file.storyboard; name = Base; path = Base.lproj/Main.storyboard; sourceTree = "<group>"; };
		3A7320402A943E89007C7B45 /* Assets.xcassets */ = {isa = PBXFileReference; lastKnownFileType = folder.assetcatalog; path = Assets.xcassets; sourceTree = "<group>"; };
		3A7320432A943E89007C7B45 /* Base */ = {isa = PBXFileReference; lastKnownFileType = file.storyboard; name = Base; path = Base.lproj/LaunchScreen.storyboard; sourceTree = "<group>"; };
		3A7320452A943E89007C7B45 /* Info.plist */ = {isa = PBXFileReference; lastKnownFileType = text.plist.xml; path = Info.plist; sourceTree = "<group>"; };
		3A73204D2A9442B4007C7B45 /* Album.swift */ = {isa = PBXFileReference; lastKnownFileType = sourcecode.swift; path = Album.swift; sourceTree = "<group>"; };
		3A73204F2A9452E0007C7B45 /* AlbumDetail.swift */ = {isa = PBXFileReference; lastKnownFileType = sourcecode.swift; path = AlbumDetail.swift; sourceTree = "<group>"; };
		3A7320522A9518A9007C7B45 /* NetworkingError.swift */ = {isa = PBXFileReference; lastKnownFileType = sourcecode.swift; path = NetworkingError.swift; sourceTree = "<group>"; };
		3A7320552A95193E007C7B45 /* AlbumService.swift */ = {isa = PBXFileReference; lastKnownFileType = sourcecode.swift; path = AlbumService.swift; sourceTree = "<group>"; };
		3A7320582A952E34007C7B45 /* AlbumDetailsService.swift */ = {isa = PBXFileReference; lastKnownFileType = sourcecode.swift; path = AlbumDetailsService.swift; sourceTree = "<group>"; };
/* End PBXFileReference section */

/* Begin PBXFrameworksBuildPhase section */
		3A7320312A943E88007C7B45 /* Frameworks */ = {
			isa = PBXFrameworksBuildPhase;
			buildActionMask = 2147483647;
			files = (
			);
			runOnlyForDeploymentPostprocessing = 0;
		};
/* End PBXFrameworksBuildPhase section */

/* Begin PBXGroup section */
		3A73202B2A943E88007C7B45 = {
			isa = PBXGroup;
			children = (
				3A7320362A943E88007C7B45 /* iTunes */,
				3A7320352A943E88007C7B45 /* Products */,
			);
			sourceTree = "<group>";
		};
		3A7320352A943E88007C7B45 /* Products */ = {
			isa = PBXGroup;
			children = (
				3A7320342A943E88007C7B45 /* iTunes.app */,
			);
			name = Products;
			sourceTree = "<group>";
		};
		3A7320362A943E88007C7B45 /* iTunes */ = {
			isa = PBXGroup;
			children = (
				3A7320512A951877007C7B45 /* Service */,
				3A7320572A952DD2007C7B45 /* AlbumDetails */,
				3A7320542A95190A007C7B45 /* Album */,
				3A73204C2A94404A007C7B45 /* Model */,
				3A73204B2A943F24007C7B45 /* SupportingFiles */,
				3A73203D2A943E88007C7B45 /* Main.storyboard */,
				3A7320422A943E89007C7B45 /* LaunchScreen.storyboard */,
			);
			path = iTunes;
			sourceTree = "<group>";
		};
		3A73204B2A943F24007C7B45 /* SupportingFiles */ = {
			isa = PBXGroup;
			children = (
				3A7320372A943E88007C7B45 /* AppDelegate.swift */,
				3A7320392A943E88007C7B45 /* SceneDelegate.swift */,
				3A7320402A943E89007C7B45 /* Assets.xcassets */,
				3A7320452A943E89007C7B45 /* Info.plist */,
			);
			path = SupportingFiles;
			sourceTree = "<group>";
		};
		3A73204C2A94404A007C7B45 /* Model */ = {
			isa = PBXGroup;
			children = (
				3A73204D2A9442B4007C7B45 /* Album.swift */,
				3A73204F2A9452E0007C7B45 /* AlbumDetail.swift */,
			);
			path = Model;
			sourceTree = "<group>";
		};
		3A7320512A951877007C7B45 /* Service */ = {
			isa = PBXGroup;
			children = (
				3A7320522A9518A9007C7B45 /* NetworkingError.swift */,
			);
			path = Service;
			sourceTree = "<group>";
		};
		3A7320542A95190A007C7B45 /* Album */ = {
			isa = PBXGroup;
			children = (
				3A7320552A95193E007C7B45 /* AlbumService.swift */,
			);
			path = Album;
			sourceTree = "<group>";
		};
		3A7320572A952DD2007C7B45 /* AlbumDetails */ = {
			isa = PBXGroup;
			children = (
				3A7320582A952E34007C7B45 /* AlbumDetailsService.swift */,
			);
			path = AlbumDetails;
			sourceTree = "<group>";
		};
/* End PBXGroup section */

/* Begin PBXNativeTarget section */
		3A7320332A943E88007C7B45 /* iTunes */ = {
			isa = PBXNativeTarget;
			buildConfigurationList = 3A7320482A943E89007C7B45 /* Build configuration list for PBXNativeTarget "iTunes" */;
			buildPhases = (
				3A7320302A943E88007C7B45 /* Sources */,
				3A7320312A943E88007C7B45 /* Frameworks */,
				3A7320322A943E88007C7B45 /* Resources */,
			);
			buildRules = (
			);
			dependencies = (
			);
			name = iTunes;
			productName = iTunes;
			productReference = 3A7320342A943E88007C7B45 /* iTunes.app */;
			productType = "com.apple.product-type.application";
		};
/* End PBXNativeTarget section */

/* Begin PBXProject section */
		3A73202C2A943E88007C7B45 /* Project object */ = {
			isa = PBXProject;
			attributes = {
				BuildIndependentTargetsInParallel = 1;
				LastSwiftUpdateCheck = 1430;
				LastUpgradeCheck = 1430;
				TargetAttributes = {
					3A7320332A943E88007C7B45 = {
						CreatedOnToolsVersion = 14.3.1;
					};
				};
			};
			buildConfigurationList = 3A73202F2A943E88007C7B45 /* Build configuration list for PBXProject "iTunes" */;
			compatibilityVersion = "Xcode 14.0";
			developmentRegion = en;
			hasScannedForEncodings = 0;
			knownRegions = (
				en,
				Base,
			);
			mainGroup = 3A73202B2A943E88007C7B45;
			productRefGroup = 3A7320352A943E88007C7B45 /* Products */;
			projectDirPath = "";
			projectRoot = "";
			targets = (
				3A7320332A943E88007C7B45 /* iTunes */,
			);
		};
/* End PBXProject section */

/* Begin PBXResourcesBuildPhase section */
		3A7320322A943E88007C7B45 /* Resources */ = {
			isa = PBXResourcesBuildPhase;
			buildActionMask = 2147483647;
			files = (
				3A7320442A943E89007C7B45 /* LaunchScreen.storyboard in Resources */,
				3A7320412A943E89007C7B45 /* Assets.xcassets in Resources */,
				3A73203F2A943E88007C7B45 /* Main.storyboard in Resources */,
			);
			runOnlyForDeploymentPostprocessing = 0;
		};
/* End PBXResourcesBuildPhase section */

/* Begin PBXSourcesBuildPhase section */
		3A7320302A943E88007C7B45 /* Sources */ = {
			isa = PBXSourcesBuildPhase;
			buildActionMask = 2147483647;
			files = (
				3A7320502A9452E0007C7B45 /* AlbumDetail.swift in Sources */,
				3A73204E2A9442B4007C7B45 /* Album.swift in Sources */,
				3A7320382A943E88007C7B45 /* AppDelegate.swift in Sources */,
				3A73203A2A943E88007C7B45 /* SceneDelegate.swift in Sources */,
				3A7320532A9518A9007C7B45 /* NetworkingError.swift in Sources */,
				3A7320562A95193E007C7B45 /* AlbumService.swift in Sources */,
				3A7320592A952E34007C7B45 /* AlbumDetailsService.swift in Sources */,
			);
			runOnlyForDeploymentPostprocessing = 0;
		};
/* End PBXSourcesBuildPhase section */

/* Begin PBXVariantGroup section */
		3A73203D2A943E88007C7B45 /* Main.storyboard */ = {
			isa = PBXVariantGroup;
			children = (
				3A73203E2A943E88007C7B45 /* Base */,
			);
			name = Main.storyboard;
			sourceTree = "<group>";
		};
		3A7320422A943E89007C7B45 /* LaunchScreen.storyboard */ = {
			isa = PBXVariantGroup;
			children = (
				3A7320432A943E89007C7B45 /* Base */,
			);
			name = LaunchScreen.storyboard;
			sourceTree = "<group>";
		};
/* End PBXVariantGroup section */

/* Begin XCBuildConfiguration section */
		3A7320462A943E89007C7B45 /* Debug */ = {
			isa = XCBuildConfiguration;
			buildSettings = {
				ALWAYS_SEARCH_USER_PATHS = NO;
				CLANG_ANALYZER_NONNULL = YES;
				CLANG_ANALYZER_NUMBER_OBJECT_CONVERSION = YES_AGGRESSIVE;
				CLANG_CXX_LANGUAGE_STANDARD = "gnu++20";
				CLANG_ENABLE_MODULES = YES;
				CLANG_ENABLE_OBJC_ARC = YES;
				CLANG_ENABLE_OBJC_WEAK = YES;
				CLANG_WARN_BLOCK_CAPTURE_AUTORELEASING = YES;
				CLANG_WARN_BOOL_CONVERSION = YES;
				CLANG_WARN_COMMA = YES;
				CLANG_WARN_CONSTANT_CONVERSION = YES;
				CLANG_WARN_DEPRECATED_OBJC_IMPLEMENTATIONS = YES;
				CLANG_WARN_DIRECT_OBJC_ISA_USAGE = YES_ERROR;
				CLANG_WARN_DOCUMENTATION_COMMENTS = YES;
				CLANG_WARN_EMPTY_BODY = YES;
				CLANG_WARN_ENUM_CONVERSION = YES;
				CLANG_WARN_INFINITE_RECURSION = YES;
				CLANG_WARN_INT_CONVERSION = YES;
				CLANG_WARN_NON_LITERAL_NULL_CONVERSION = YES;
				CLANG_WARN_OBJC_IMPLICIT_RETAIN_SELF = YES;
				CLANG_WARN_OBJC_LITERAL_CONVERSION = YES;
				CLANG_WARN_OBJC_ROOT_CLASS = YES_ERROR;
				CLANG_WARN_QUOTED_INCLUDE_IN_FRAMEWORK_HEADER = YES;
				CLANG_WARN_RANGE_LOOP_ANALYSIS = YES;
				CLANG_WARN_STRICT_PROTOTYPES = YES;
				CLANG_WARN_SUSPICIOUS_MOVE = YES;
				CLANG_WARN_UNGUARDED_AVAILABILITY = YES_AGGRESSIVE;
				CLANG_WARN_UNREACHABLE_CODE = YES;
				CLANG_WARN__DUPLICATE_METHOD_MATCH = YES;
				COPY_PHASE_STRIP = NO;
				DEBUG_INFORMATION_FORMAT = dwarf;
				ENABLE_STRICT_OBJC_MSGSEND = YES;
				ENABLE_TESTABILITY = YES;
				GCC_C_LANGUAGE_STANDARD = gnu11;
				GCC_DYNAMIC_NO_PIC = NO;
				GCC_NO_COMMON_BLOCKS = YES;
				GCC_OPTIMIZATION_LEVEL = 0;
				GCC_PREPROCESSOR_DEFINITIONS = (
					"DEBUG=1",
					"$(inherited)",
				);
				GCC_WARN_64_TO_32_BIT_CONVERSION = YES;
				GCC_WARN_ABOUT_RETURN_TYPE = YES_ERROR;
				GCC_WARN_UNDECLARED_SELECTOR = YES;
				GCC_WARN_UNINITIALIZED_AUTOS = YES_AGGRESSIVE;
				GCC_WARN_UNUSED_FUNCTION = YES;
				GCC_WARN_UNUSED_VARIABLE = YES;
				IPHONEOS_DEPLOYMENT_TARGET = 16.4;
				MTL_ENABLE_DEBUG_INFO = INCLUDE_SOURCE;
				MTL_FAST_MATH = YES;
				ONLY_ACTIVE_ARCH = YES;
				SDKROOT = iphoneos;
				SWIFT_ACTIVE_COMPILATION_CONDITIONS = DEBUG;
				SWIFT_OPTIMIZATION_LEVEL = "-Onone";
			};
			name = Debug;
		};
		3A7320472A943E89007C7B45 /* Release */ = {
			isa = XCBuildConfiguration;
			buildSettings = {
				ALWAYS_SEARCH_USER_PATHS = NO;
				CLANG_ANALYZER_NONNULL = YES;
				CLANG_ANALYZER_NUMBER_OBJECT_CONVERSION = YES_AGGRESSIVE;
				CLANG_CXX_LANGUAGE_STANDARD = "gnu++20";
				CLANG_ENABLE_MODULES = YES;
				CLANG_ENABLE_OBJC_ARC = YES;
				CLANG_ENABLE_OBJC_WEAK = YES;
				CLANG_WARN_BLOCK_CAPTURE_AUTORELEASING = YES;
				CLANG_WARN_BOOL_CONVERSION = YES;
				CLANG_WARN_COMMA = YES;
				CLANG_WARN_CONSTANT_CONVERSION = YES;
				CLANG_WARN_DEPRECATED_OBJC_IMPLEMENTATIONS = YES;
				CLANG_WARN_DIRECT_OBJC_ISA_USAGE = YES_ERROR;
				CLANG_WARN_DOCUMENTATION_COMMENTS = YES;
				CLANG_WARN_EMPTY_BODY = YES;
				CLANG_WARN_ENUM_CONVERSION = YES;
				CLANG_WARN_INFINITE_RECURSION = YES;
				CLANG_WARN_INT_CONVERSION = YES;
				CLANG_WARN_NON_LITERAL_NULL_CONVERSION = YES;
				CLANG_WARN_OBJC_IMPLICIT_RETAIN_SELF = YES;
				CLANG_WARN_OBJC_LITERAL_CONVERSION = YES;
				CLANG_WARN_OBJC_ROOT_CLASS = YES_ERROR;
				CLANG_WARN_QUOTED_INCLUDE_IN_FRAMEWORK_HEADER = YES;
				CLANG_WARN_RANGE_LOOP_ANALYSIS = YES;
				CLANG_WARN_STRICT_PROTOTYPES = YES;
				CLANG_WARN_SUSPICIOUS_MOVE = YES;
				CLANG_WARN_UNGUARDED_AVAILABILITY = YES_AGGRESSIVE;
				CLANG_WARN_UNREACHABLE_CODE = YES;
				CLANG_WARN__DUPLICATE_METHOD_MATCH = YES;
				COPY_PHASE_STRIP = NO;
				DEBUG_INFORMATION_FORMAT = "dwarf-with-dsym";
				ENABLE_NS_ASSERTIONS = NO;
				ENABLE_STRICT_OBJC_MSGSEND = YES;
				GCC_C_LANGUAGE_STANDARD = gnu11;
				GCC_NO_COMMON_BLOCKS = YES;
				GCC_WARN_64_TO_32_BIT_CONVERSION = YES;
				GCC_WARN_ABOUT_RETURN_TYPE = YES_ERROR;
				GCC_WARN_UNDECLARED_SELECTOR = YES;
				GCC_WARN_UNINITIALIZED_AUTOS = YES_AGGRESSIVE;
				GCC_WARN_UNUSED_FUNCTION = YES;
				GCC_WARN_UNUSED_VARIABLE = YES;
				IPHONEOS_DEPLOYMENT_TARGET = 16.4;
				MTL_ENABLE_DEBUG_INFO = NO;
				MTL_FAST_MATH = YES;
				SDKROOT = iphoneos;
				SWIFT_COMPILATION_MODE = wholemodule;
				SWIFT_OPTIMIZATION_LEVEL = "-O";
				VALIDATE_PRODUCT = YES;
			};
			name = Release;
		};
		3A7320492A943E89007C7B45 /* Debug */ = {
			isa = XCBuildConfiguration;
			buildSettings = {
				ASSETCATALOG_COMPILER_APPICON_NAME = AppIcon;
				ASSETCATALOG_COMPILER_GLOBAL_ACCENT_COLOR_NAME = AccentColor;
				CODE_SIGN_STYLE = Automatic;
				CURRENT_PROJECT_VERSION = 1;
				DEVELOPMENT_TEAM = X5MZCV93J6;
				GENERATE_INFOPLIST_FILE = YES;
				INFOPLIST_FILE = iTunes/SupportingFiles/Info.plist;
				INFOPLIST_KEY_UIApplicationSupportsIndirectInputEvents = YES;
				INFOPLIST_KEY_UILaunchStoryboardName = LaunchScreen;
				INFOPLIST_KEY_UIMainStoryboardFile = Main;
				INFOPLIST_KEY_UISupportedInterfaceOrientations_iPad = "UIInterfaceOrientationPortrait UIInterfaceOrientationPortraitUpsideDown UIInterfaceOrientationLandscapeLeft UIInterfaceOrientationLandscapeRight";
				INFOPLIST_KEY_UISupportedInterfaceOrientations_iPhone = "UIInterfaceOrientationPortrait UIInterfaceOrientationLandscapeLeft UIInterfaceOrientationLandscapeRight";
				LD_RUNPATH_SEARCH_PATHS = (
					"$(inherited)",
					"@executable_path/Frameworks",
				);
				MARKETING_VERSION = 1.0;
				PRODUCT_BUNDLE_IDENTIFIER = BABYB.iTunes;
				PRODUCT_NAME = "$(TARGET_NAME)";
				SWIFT_EMIT_LOC_STRINGS = YES;
				SWIFT_VERSION = 5.0;
				TARGETED_DEVICE_FAMILY = "1,2";
			};
			name = Debug;
		};
		3A73204A2A943E89007C7B45 /* Release */ = {
			isa = XCBuildConfiguration;
			buildSettings = {
				ASSETCATALOG_COMPILER_APPICON_NAME = AppIcon;
				ASSETCATALOG_COMPILER_GLOBAL_ACCENT_COLOR_NAME = AccentColor;
				CODE_SIGN_STYLE = Automatic;
				CURRENT_PROJECT_VERSION = 1;
				DEVELOPMENT_TEAM = X5MZCV93J6;
				GENERATE_INFOPLIST_FILE = YES;
				INFOPLIST_FILE = iTunes/SupportingFiles/Info.plist;
				INFOPLIST_KEY_UIApplicationSupportsIndirectInputEvents = YES;
				INFOPLIST_KEY_UILaunchStoryboardName = LaunchScreen;
				INFOPLIST_KEY_UIMainStoryboardFile = Main;
				INFOPLIST_KEY_UISupportedInterfaceOrientations_iPad = "UIInterfaceOrientationPortrait UIInterfaceOrientationPortraitUpsideDown UIInterfaceOrientationLandscapeLeft UIInterfaceOrientationLandscapeRight";
				INFOPLIST_KEY_UISupportedInterfaceOrientations_iPhone = "UIInterfaceOrientationPortrait UIInterfaceOrientationLandscapeLeft UIInterfaceOrientationLandscapeRight";
				LD_RUNPATH_SEARCH_PATHS = (
					"$(inherited)",
					"@executable_path/Frameworks",
				);
				MARKETING_VERSION = 1.0;
				PRODUCT_BUNDLE_IDENTIFIER = BABYB.iTunes;
				PRODUCT_NAME = "$(TARGET_NAME)";
				SWIFT_EMIT_LOC_STRINGS = YES;
				SWIFT_VERSION = 5.0;
				TARGETED_DEVICE_FAMILY = "1,2";
			};
			name = Release;
		};
/* End XCBuildConfiguration section */

/* Begin XCConfigurationList section */
		3A73202F2A943E88007C7B45 /* Build configuration list for PBXProject "iTunes" */ = {
			isa = XCConfigurationList;
			buildConfigurations = (
				3A7320462A943E89007C7B45 /* Debug */,
				3A7320472A943E89007C7B45 /* Release */,
			);
			defaultConfigurationIsVisible = 0;
			defaultConfigurationName = Release;
		};
		3A7320482A943E89007C7B45 /* Build configuration list for PBXNativeTarget "iTunes" */ = {
			isa = XCConfigurationList;
			buildConfigurations = (
				3A7320492A943E89007C7B45 /* Debug */,
				3A73204A2A943E89007C7B45 /* Release */,
			);
			defaultConfigurationIsVisible = 0;
			defaultConfigurationName = Release;
		};
/* End XCConfigurationList section */
	};
	rootObject = 3A73202C2A943E88007C7B45 /* Project object */;
}
